// !$*UTF8*$!
{
	archiveVersion = 1;
	classes = {
	};
	objectVersion = 46;
	objects = {

/* Begin PBXBuildFile section */
		CBE3A37D1D8EA76B000F3A6C /* main.m in Sources */ = {isa = PBXBuildFile; fileRef = CBE3A37C1D8EA76B000F3A6C /* main.m */; };
		CBE3A3801D8EA76B000F3A6C /* AppDelegate.m in Sources */ = {isa = PBXBuildFile; fileRef = CBE3A37F1D8EA76B000F3A6C /* AppDelegate.m */; };
		CBE3A3831D8EA76B000F3A6C /* ViewController.m in Sources */ = {isa = PBXBuildFile; fileRef = CBE3A3821D8EA76B000F3A6C /* ViewController.m */; };
		CBE3A3861D8EA76B000F3A6C /* Main.storyboard in Resources */ = {isa = PBXBuildFile; fileRef = CBE3A3841D8EA76B000F3A6C /* Main.storyboard */; };
		CBE3A3881D8EA76B000F3A6C /* Assets.xcassets in Resources */ = {isa = PBXBuildFile; fileRef = CBE3A3871D8EA76B000F3A6C /* Assets.xcassets */; };
		CBE3A38B1D8EA76B000F3A6C /* LaunchScreen.storyboard in Resources */ = {isa = PBXBuildFile; fileRef = CBE3A3891D8EA76B000F3A6C /* LaunchScreen.storyboard */; };
		CBE3A3961D8EA76B000F3A6C /* FQBarrageEffectTests.m in Sources */ = {isa = PBXBuildFile; fileRef = CBE3A3951D8EA76B000F3A6C /* FQBarrageEffectTests.m */; };
		CBE3A3A11D8EA76B000F3A6C /* FQBarrageEffectUITests.m in Sources */ = {isa = PBXBuildFile; fileRef = CBE3A3A01D8EA76B000F3A6C /* FQBarrageEffectUITests.m */; };
/* End PBXBuildFile section */

/* Begin PBXContainerItemProxy section */
		CBE3A3921D8EA76B000F3A6C /* PBXContainerItemProxy */ = {
			isa = PBXContainerItemProxy;
			containerPortal = CBE3A3701D8EA76B000F3A6C /* Project object */;
			proxyType = 1;
			remoteGlobalIDString = CBE3A3771D8EA76B000F3A6C;
			remoteInfo = FQBarrageEffect;
		};
		CBE3A39D1D8EA76B000F3A6C /* PBXContainerItemProxy */ = {
			isa = PBXContainerItemProxy;
			containerPortal = CBE3A3701D8EA76B000F3A6C /* Project object */;
			proxyType = 1;
			remoteGlobalIDString = CBE3A3771D8EA76B000F3A6C;
			remoteInfo = FQBarrageEffect;
		};
/* End PBXContainerItemProxy section */

/* Begin PBXFileReference section */
		CBE3A3781D8EA76B000F3A6C /* FQBarrageEffect.app */ = {isa = PBXFileReference; explicitFileType = wrapper.application; includeInIndex = 0; path = FQBarrageEffect.app; sourceTree = BUILT_PRODUCTS_DIR; };
		CBE3A37C1D8EA76B000F3A6C /* main.m */ = {isa = PBXFileReference; lastKnownFileType = sourcecode.c.objc; path = main.m; sourceTree = "<group>"; };
		CBE3A37E1D8EA76B000F3A6C /* AppDelegate.h */ = {isa = PBXFileReference; lastKnownFileType = sourcecode.c.h; path = AppDelegate.h; sourceTree = "<group>"; };
		CBE3A37F1D8EA76B000F3A6C /* AppDelegate.m */ = {isa = PBXFileReference; lastKnownFileType = sourcecode.c.objc; path = AppDelegate.m; sourceTree = "<group>"; };
		CBE3A3811D8EA76B000F3A6C /* ViewController.h */ = {isa = PBXFileReference; lastKnownFileType = sourcecode.c.h; path = ViewController.h; sourceTree = "<group>"; };
		CBE3A3821D8EA76B000F3A6C /* ViewController.m */ = {isa = PBXFileReference; lastKnownFileType = sourcecode.c.objc; path = ViewController.m; sourceTree = "<group>"; };
		CBE3A3851D8EA76B000F3A6C /* Base */ = {isa = PBXFileReference; lastKnownFileType = file.storyboard; name = Base; path = Base.lproj/Main.storyboard; sourceTree = "<group>"; };
		CBE3A3871D8EA76B000F3A6C /* Assets.xcassets */ = {isa = PBXFileReference; lastKnownFileType = folder.assetcatalog; path = Assets.xcassets; sourceTree = "<group>"; };
		CBE3A38A1D8EA76B000F3A6C /* Base */ = {isa = PBXFileReference; lastKnownFileType = file.storyboard; name = Base; path = Base.lproj/LaunchScreen.storyboard; sourceTree = "<group>"; };
		CBE3A38C1D8EA76B000F3A6C /* Info.plist */ = {isa = PBXFileReference; lastKnownFileType = text.plist.xml; path = Info.plist; sourceTree = "<group>"; };
		CBE3A3911D8EA76B000F3A6C /* FQBarrageEffectTests.xctest */ = {isa = PBXFileReference; explicitFileType = wrapper.cfbundle; includeInIndex = 0; path = FQBarrageEffectTests.xctest; sourceTree = BUILT_PRODUCTS_DIR; };
		CBE3A3951D8EA76B000F3A6C /* FQBarrageEffectTests.m */ = {isa = PBXFileReference; lastKnownFileType = sourcecode.c.objc; path = FQBarrageEffectTests.m; sourceTree = "<group>"; };
		CBE3A3971D8EA76B000F3A6C /* Info.plist */ = {isa = PBXFileReference; lastKnownFileType = text.plist.xml; path = Info.plist; sourceTree = "<group>"; };
		CBE3A39C1D8EA76B000F3A6C /* FQBarrageEffectUITests.xctest */ = {isa = PBXFileReference; explicitFileType = wrapper.cfbundle; includeInIndex = 0; path = FQBarrageEffectUITests.xctest; sourceTree = BUILT_PRODUCTS_DIR; };
		CBE3A3A01D8EA76B000F3A6C /* FQBarrageEffectUITests.m */ = {isa = PBXFileReference; lastKnownFileType = sourcecode.c.objc; path = FQBarrageEffectUITests.m; sourceTree = "<group>"; };
		CBE3A3A21D8EA76B000F3A6C /* Info.plist */ = {isa = PBXFileReference; lastKnownFileType = text.plist.xml; path = Info.plist; sourceTree = "<group>"; };
/* End PBXFileReference section */

/* Begin PBXFrameworksBuildPhase section */
		CBE3A3751D8EA76B000F3A6C /* Frameworks */ = {
			isa = PBXFrameworksBuildPhase;
			buildActionMask = 2147483647;
			files = (
			);
			runOnlyForDeploymentPostprocessing = 0;
		};
		CBE3A38E1D8EA76B000F3A6C /* Frameworks */ = {
			isa = PBXFrameworksBuildPhase;
			buildActionMask = 2147483647;
			files = (
			);
			runOnlyForDeploymentPostprocessing = 0;
		};
		CBE3A3991D8EA76B000F3A6C /* Frameworks */ = {
			isa = PBXFrameworksBuildPhase;
			buildActionMask = 2147483647;
			files = (
			);
			runOnlyForDeploymentPostprocessing = 0;
		};
/* End PBXFrameworksBuildPhase section */

/* Begin PBXGroup section */
		CBE3A36F1D8EA76B000F3A6C = {
			isa = PBXGroup;
			children = (
				CBE3A37A1D8EA76B000F3A6C /* FQBarrageEffect */,
				CBE3A3941D8EA76B000F3A6C /* FQBarrageEffectTests */,
				CBE3A39F1D8EA76B000F3A6C /* FQBarrageEffectUITests */,
				CBE3A3791D8EA76B000F3A6C /* Products */,
			);
			sourceTree = "<group>";
		};
		CBE3A3791D8EA76B000F3A6C /* Products */ = {
			isa = PBXGroup;
			children = (
				CBE3A3781D8EA76B000F3A6C /* FQBarrageEffect.app */,
				CBE3A3911D8EA76B000F3A6C /* FQBarrageEffectTests.xctest */,
				CBE3A39C1D8EA76B000F3A6C /* FQBarrageEffectUITests.xctest */,
			);
			name = Products;
			sourceTree = "<group>";
		};
		CBE3A37A1D8EA76B000F3A6C /* FQBarrageEffect */ = {
			isa = PBXGroup;
			children = (
				CBE3A37E1D8EA76B000F3A6C /* AppDelegate.h */,
				CBE3A37F1D8EA76B000F3A6C /* AppDelegate.m */,
				CBE3A3811D8EA76B000F3A6C /* ViewController.h */,
				CBE3A3821D8EA76B000F3A6C /* ViewController.m */,
				CBE3A37B1D8EA76B000F3A6C /* Supporting Files */,
			);
			path = FQBarrageEffect;
			sourceTree = "<group>";
		};
		CBE3A37B1D8EA76B000F3A6C /* Supporting Files */ = {
			isa = PBXGroup;
			children = (
				CBE3A3841D8EA76B000F3A6C /* Main.storyboard */,
				CBE3A3871D8EA76B000F3A6C /* Assets.xcassets */,
				CBE3A3891D8EA76B000F3A6C /* LaunchScreen.storyboard */,
				CBE3A38C1D8EA76B000F3A6C /* Info.plist */,
				CBE3A37C1D8EA76B000F3A6C /* main.m */,
			);
			name = "Supporting Files";
			sourceTree = "<group>";
		};
		CBE3A3941D8EA76B000F3A6C /* FQBarrageEffectTests */ = {
			isa = PBXGroup;
			children = (
				CBE3A3951D8EA76B000F3A6C /* FQBarrageEffectTests.m */,
				CBE3A3971D8EA76B000F3A6C /* Info.plist */,
			);
			path = FQBarrageEffectTests;
			sourceTree = "<group>";
		};
		CBE3A39F1D8EA76B000F3A6C /* FQBarrageEffectUITests */ = {
			isa = PBXGroup;
			children = (
				CBE3A3A01D8EA76B000F3A6C /* FQBarrageEffectUITests.m */,
				CBE3A3A21D8EA76B000F3A6C /* Info.plist */,
			);
			path = FQBarrageEffectUITests;
			sourceTree = "<group>";
		};
/* End PBXGroup section */

/* Begin PBXNativeTarget section */
		CBE3A3771D8EA76B000F3A6C /* FQBarrageEffect */ = {
			isa = PBXNativeTarget;
			buildConfigurationList = CBE3A3A51D8EA76B000F3A6C /* Build configuration list for PBXNativeTarget "FQBarrageEffect" */;
			buildPhases = (
				CBE3A3741D8EA76B000F3A6C /* Sources */,
				CBE3A3751D8EA76B000F3A6C /* Frameworks */,
				CBE3A3761D8EA76B000F3A6C /* Resources */,
			);
			buildRules = (
			);
			dependencies = (
			);
			name = FQBarrageEffect;
			productName = FQBarrageEffect;
			productReference = CBE3A3781D8EA76B000F3A6C /* FQBarrageEffect.app */;
			productType = "com.apple.product-type.application";
		};
		CBE3A3901D8EA76B000F3A6C /* FQBarrageEffectTests */ = {
			isa = PBXNativeTarget;
			buildConfigurationList = CBE3A3A81D8EA76B000F3A6C /* Build configuration list for PBXNativeTarget "FQBarrageEffectTests" */;
			buildPhases = (
				CBE3A38D1D8EA76B000F3A6C /* Sources */,
				CBE3A38E1D8EA76B000F3A6C /* Frameworks */,
				CBE3A38F1D8EA76B000F3A6C /* Resources */,
			);
			buildRules = (
			);
			dependencies = (
				CBE3A3931D8EA76B000F3A6C /* PBXTargetDependency */,
			);
			name = FQBarrageEffectTests;
			productName = FQBarrageEffectTests;
			productReference = CBE3A3911D8EA76B000F3A6C /* FQBarrageEffectTests.xctest */;
			productType = "com.apple.product-type.bundle.unit-test";
		};
		CBE3A39B1D8EA76B000F3A6C /* FQBarrageEffectUITests */ = {
			isa = PBXNativeTarget;
			buildConfigurationList = CBE3A3AB1D8EA76B000F3A6C /* Build configuration list for PBXNativeTarget "FQBarrageEffectUITests" */;
			buildPhases = (
				CBE3A3981D8EA76B000F3A6C /* Sources */,
				CBE3A3991D8EA76B000F3A6C /* Frameworks */,
				CBE3A39A1D8EA76B000F3A6C /* Resources */,
			);
			buildRules = (
			);
			dependencies = (
				CBE3A39E1D8EA76B000F3A6C /* PBXTargetDependency */,
			);
			name = FQBarrageEffectUITests;
			productName = FQBarrageEffectUITests;
			productReference = CBE3A39C1D8EA76B000F3A6C /* FQBarrageEffectUITests.xctest */;
			productType = "com.apple.product-type.bundle.ui-testing";
		};
/* End PBXNativeTarget section */

/* Begin PBXProject section */
		CBE3A3701D8EA76B000F3A6C /* Project object */ = {
			isa = PBXProject;
			attributes = {
				LastUpgradeCheck = 0730;
				ORGANIZATIONNAME = "冯倩";
				TargetAttributes = {
					CBE3A3771D8EA76B000F3A6C = {
						CreatedOnToolsVersion = 7.3;
					};
					CBE3A3901D8EA76B000F3A6C = {
						CreatedOnToolsVersion = 7.3;
						TestTargetID = CBE3A3771D8EA76B000F3A6C;
					};
					CBE3A39B1D8EA76B000F3A6C = {
						CreatedOnToolsVersion = 7.3;
						TestTargetID = CBE3A3771D8EA76B000F3A6C;
					};
				};
			};
			buildConfigurationList = CBE3A3731D8EA76B000F3A6C /* Build configuration list for PBXProject "FQBarrageEffect" */;
			compatibilityVersion = "Xcode 3.2";
			developmentRegion = English;
			hasScannedForEncodings = 0;
			knownRegions = (
				en,
				Base,
			);
			mainGroup = CBE3A36F1D8EA76B000F3A6C;
			productRefGroup = CBE3A3791D8EA76B000F3A6C /* Products */;
			projectDirPath = "";
			projectRoot = "";
			targets = (
				CBE3A3771D8EA76B000F3A6C /* FQBarrageEffect */,
				CBE3A3901D8EA76B000F3A6C /* FQBarrageEffectTests */,
				CBE3A39B1D8EA76B000F3A6C /* FQBarrageEffectUITests */,
			);
		};
/* End PBXProject section */

/* Begin PBXResourcesBuildPhase section */
		CBE3A3761D8EA76B000F3A6C /* Resources */ = {
			isa = PBXResourcesBuildPhase;
			buildActionMask = 2147483647;
			files = (
				CBE3A38B1D8EA76B000F3A6C /* LaunchScreen.storyboard in Resources */,
				CBE3A3881D8EA76B000F3A6C /* Assets.xcassets in Resources */,
				CBE3A3861D8EA76B000F3A6C /* Main.storyboard in Resources */,
			);
			runOnlyForDeploymentPostprocessing = 0;
		};
		CBE3A38F1D8EA76B000F3A6C /* Resources */ = {
			isa = PBXResourcesBuildPhase;
			buildActionMask = 2147483647;
			files = (
			);
			runOnlyForDeploymentPostprocessing = 0;
		};
		CBE3A39A1D8EA76B000F3A6C /* Resources */ = {
			isa = PBXResourcesBuildPhase;
			buildActionMask = 2147483647;
			files = (
			);
			runOnlyForDeploymentPostprocessing = 0;
		};
/* End PBXResourcesBuildPhase section */

/* Begin PBXSourcesBuildPhase section */
		CBE3A3741D8EA76B000F3A6C /* Sources */ = {
			isa = PBXSourcesBuildPhase;
			buildActionMask = 2147483647;
			files = (
				CBE3A3831D8EA76B000F3A6C /* ViewController.m in Sources */,
				CBE3A3801D8EA76B000F3A6C /* AppDelegate.m in Sources */,
				CBE3A37D1D8EA76B000F3A6C /* main.m in Sources */,
			);
			runOnlyForDeploymentPostprocessing = 0;
		};
		CBE3A38D1D8EA76B000F3A6C /* Sources */ = {
			isa = PBXSourcesBuildPhase;
			buildActionMask = 2147483647;
			files = (
				CBE3A3961D8EA76B000F3A6C /* FQBarrageEffectTests.m in Sources */,
			);
			runOnlyForDeploymentPostprocessing = 0;
		};
		CBE3A3981D8EA76B000F3A6C /* Sources */ = {
			isa = PBXSourcesBuildPhase;
			buildActionMask = 2147483647;
			files = (
				CBE3A3A11D8EA76B000F3A6C /* FQBarrageEffectUITests.m in Sources */,
			);
			runOnlyForDeploymentPostprocessing = 0;
		};
/* End PBXSourcesBuildPhase section */

/* Begin PBXTargetDependency section */
		CBE3A3931D8EA76B000F3A6C /* PBXTargetDependency */ = {
			isa = PBXTargetDependency;
			target = CBE3A3771D8EA76B000F3A6C /* FQBarrageEffect */;
			targetProxy = CBE3A3921D8EA76B000F3A6C /* PBXContainerItemProxy */;
		};
		CBE3A39E1D8EA76B000F3A6C /* PBXTargetDependency */ = {
			isa = PBXTargetDependency;
			target = CBE3A3771D8EA76B000F3A6C /* FQBarrageEffect */;
			targetProxy = CBE3A39D1D8EA76B000F3A6C /* PBXContainerItemProxy */;
		};
/* End PBXTargetDependency section */

/* Begin PBXVariantGroup section */
		CBE3A3841D8EA76B000F3A6C /* Main.storyboard */ = {
			isa = PBXVariantGroup;
			children = (
				CBE3A3851D8EA76B000F3A6C /* Base */,
			);
			name = Main.storyboard;
			sourceTree = "<group>";
		};
		CBE3A3891D8EA76B000F3A6C /* LaunchScreen.storyboard */ = {
			isa = PBXVariantGroup;
			children = (
				CBE3A38A1D8EA76B000F3A6C /* Base */,
			);
			name = LaunchScreen.storyboard;
			sourceTree = "<group>";
		};
/* End PBXVariantGroup section */

/* Begin XCBuildConfiguration section */
		CBE3A3A31D8EA76B000F3A6C /* Debug */ = {
			isa = XCBuildConfiguration;
			buildSettings = {
				ALWAYS_SEARCH_USER_PATHS = NO;
				CLANG_ANALYZER_NONNULL = YES;
				CLANG_CXX_LANGUAGE_STANDARD = "gnu++0x";
				CLANG_CXX_LIBRARY = "libc++";
				CLANG_ENABLE_MODULES = YES;
				CLANG_ENABLE_OBJC_ARC = YES;
				CLANG_WARN_BOOL_CONVERSION = YES;
				CLANG_WARN_CONSTANT_CONVERSION = YES;
				CLANG_WARN_DIRECT_OBJC_ISA_USAGE = YES_ERROR;
				CLANG_WARN_EMPTY_BODY = YES;
				CLANG_WARN_ENUM_CONVERSION = YES;
				CLANG_WARN_INT_CONVERSION = YES;
				CLANG_WARN_OBJC_ROOT_CLASS = YES_ERROR;
				CLANG_WARN_UNREACHABLE_CODE = YES;
				CLANG_WARN__DUPLICATE_METHOD_MATCH = YES;
				"CODE_SIGN_IDENTITY[sdk=iphoneos*]" = "iPhone Developer";
				COPY_PHASE_STRIP = NO;
				DEBUG_INFORMATION_FORMAT = dwarf;
				ENABLE_STRICT_OBJC_MSGSEND = YES;
				ENABLE_TESTABILITY = YES;
				GCC_C_LANGUAGE_STANDARD = gnu99;
				GCC_DYNAMIC_NO_PIC = NO;
				GCC_NO_COMMON_BLOCKS = YES;
				GCC_OPTIMIZATION_LEVEL = 0;
				GCC_PREPROCESSOR_DEFINITIONS = (
					"DEBUG=1",
					"$(inherited)",
				);
				GCC_WARN_64_TO_32_BIT_CONVERSION = YES;
				GCC_WARN_ABOUT_RETURN_TYPE = YES_ERROR;
				GCC_WARN_UNDECLARED_SELECTOR = YES;
				GCC_WARN_UNINITIALIZED_AUTOS = YES_AGGRESSIVE;
				GCC_WARN_UNUSED_FUNCTION = YES;
				GCC_WARN_UNUSED_VARIABLE = YES;
				IPHONEOS_DEPLOYMENT_TARGET = 9.3;
				MTL_ENABLE_DEBUG_INFO = YES;
				ONLY_ACTIVE_ARCH = YES;
				SDKROOT = iphoneos;
				TARGETED_DEVICE_FAMILY = "1,2";
			};
			name = Debug;
		};
		CBE3A3A41D8EA76B000F3A6C /* Release */ = {
			isa = XCBuildConfiguration;
			buildSettings = {
				ALWAYS_SEARCH_USER_PATHS = NO;
				CLANG_ANALYZER_NONNULL = YES;
				CLANG_CXX_LANGUAGE_STANDARD = "gnu++0x";
				CLANG_CXX_LIBRARY = "libc++";
				CLANG_ENABLE_MODULES = YES;
				CLANG_ENABLE_OBJC_ARC = YES;
				CLANG_WARN_BOOL_CONVERSION = YES;
				CLANG_WARN_CONSTANT_CONVERSION = YES;
				CLANG_WARN_DIRECT_OBJC_ISA_USAGE = YES_ERROR;
				CLANG_WARN_EMPTY_BODY = YES;
				CLANG_WARN_ENUM_CONVERSION = YES;
				CLANG_WARN_INT_CONVERSION = YES;
				CLANG_WARN_OBJC_ROOT_CLASS = YES_ERROR;
				CLANG_WARN_UNREACHABLE_CODE = YES;
				CLANG_WARN__DUPLICATE_METHOD_MATCH = YES;
				"CODE_SIGN_IDENTITY[sdk=iphoneos*]" = "iPhone Developer";
				COPY_PHASE_STRIP = NO;
				DEBUG_INFORMATION_FORMAT = "dwarf-with-dsym";
				ENABLE_NS_ASSERTIONS = NO;
				ENABLE_STRICT_OBJC_MSGSEND = YES;
				GCC_C_LANGUAGE_STANDARD = gnu99;
				GCC_NO_COMMON_BLOCKS = YES;
				GCC_WARN_64_TO_32_BIT_CONVERSION = YES;
				GCC_WARN_ABOUT_RETURN_TYPE = YES_ERROR;
				GCC_WARN_UNDECLARED_SELECTOR = YES;
				GCC_WARN_UNINITIALIZED_AUTOS = YES_AGGRESSIVE;
				GCC_WARN_UNUSED_FUNCTION = YES;
				GCC_WARN_UNUSED_VARIABLE = YES;
				IPHONEOS_DEPLOYMENT_TARGET = 9.3;
				MTL_ENABLE_DEBUG_INFO = NO;
				SDKROOT = iphoneos;
				TARGETED_DEVICE_FAMILY = "1,2";
				VALIDATE_PRODUCT = YES;
			};
			name = Release;
		};
		CBE3A3A61D8EA76B000F3A6C /* Debug */ = {
			isa = XCBuildConfiguration;
			buildSettings = {
				ASSETCATALOG_COMPILER_APPICON_NAME = AppIcon;
				INFOPLIST_FILE = FQBarrageEffect/Info.plist;
				LD_RUNPATH_SEARCH_PATHS = "$(inherited) @executable_path/Frameworks";
				PRODUCT_BUNDLE_IDENTIFIER = "-11.FQBarrageEffect";
				PRODUCT_NAME = "$(TARGET_NAME)";
			};
			name = Debug;
		};
		CBE3A3A71D8EA76B000F3A6C /* Release */ = {
			isa = XCBuildConfiguration;
			buildSettings = {
				ASSETCATALOG_COMPILER_APPICON_NAME = AppIcon;
				INFOPLIST_FILE = FQBarrageEffect/Info.plist;
				LD_RUNPATH_SEARCH_PATHS = "$(inherited) @executable_path/Frameworks";
				PRODUCT_BUNDLE_IDENTIFIER = "-11.FQBarrageEffect";
				PRODUCT_NAME = "$(TARGET_NAME)";
			};
			name = Release;
		};
		CBE3A3A91D8EA76B000F3A6C /* Debug */ = {
			isa = XCBuildConfiguration;
			buildSettings = {
				BUNDLE_LOADER = "$(TEST_HOST)";
				INFOPLIST_FILE = FQBarrageEffectTests/Info.plist;
				LD_RUNPATH_SEARCH_PATHS = "$(inherited) @executable_path/Frameworks @loader_path/Frameworks";
				PRODUCT_BUNDLE_IDENTIFIER = "-11.FQBarrageEffectTests";
				PRODUCT_NAME = "$(TARGET_NAME)";
				TEST_HOST = "$(BUILT_PRODUCTS_DIR)/FQBarrageEffect.app/FQBarrageEffect";
			};
			name = Debug;
		};
		CBE3A3AA1D8EA76B000F3A6C /* Release */ = {
			isa = XCBuildConfiguration;
			buildSettings = {
				BUNDLE_LOADER = "$(TEST_HOST)";
				INFOPLIST_FILE = FQBarrageEffectTests/Info.plist;
				LD_RUNPATH_SEARCH_PATHS = "$(inherited) @executable_path/Frameworks @loader_path/Frameworks";
				PRODUCT_BUNDLE_IDENTIFIER = "-11.FQBarrageEffectTests";
				PRODUCT_NAME = "$(TARGET_NAME)";
				TEST_HOST = "$(BUILT_PRODUCTS_DIR)/FQBarrageEffect.app/FQBarrageEffect";
			};
			name = Release;
		};
		CBE3A3AC1D8EA76B000F3A6C /* Debug */ = {
			isa = XCBuildConfiguration;
			buildSettings = {
				INFOPLIST_FILE = FQBarrageEffectUITests/Info.plist;
				LD_RUNPATH_SEARCH_PATHS = "$(inherited) @executable_path/Frameworks @loader_path/Frameworks";
				PRODUCT_BUNDLE_IDENTIFIER = "-11.FQBarrageEffectUITests";
				PRODUCT_NAME = "$(TARGET_NAME)";
				TEST_TARGET_NAME = FQBarrageEffect;
			};
			name = Debug;
		};
		CBE3A3AD1D8EA76B000F3A6C /* Release */ = {
			isa = XCBuildConfiguration;
			buildSettings = {
				INFOPLIST_FILE = FQBarrageEffectUITests/Info.plist;
				LD_RUNPATH_SEARCH_PATHS = "$(inherited) @executable_path/Frameworks @loader_path/Frameworks";
				PRODUCT_BUNDLE_IDENTIFIER = "-11.FQBarrageEffectUITests";
				PRODUCT_NAME = "$(TARGET_NAME)";
				TEST_TARGET_NAME = FQBarrageEffect;
			};
			name = Release;
		};
/* End XCBuildConfiguration section */

/* Begin XCConfigurationList section */
		CBE3A3731D8EA76B000F3A6C /* Build configuration list for PBXProject "FQBarrageEffect" */ = {
			isa = XCConfigurationList;
			buildConfigurations = (
				CBE3A3A31D8EA76B000F3A6C /* Debug */,
				CBE3A3A41D8EA76B000F3A6C /* Release */,
			);
			defaultConfigurationIsVisible = 0;
			defaultConfigurationName = Release;
		};
		CBE3A3A51D8EA76B000F3A6C /* Build configuration list for PBXNativeTarget "FQBarrageEffect" */ = {
			isa = XCConfigurationList;
			buildConfigurations = (
				CBE3A3A61D8EA76B000F3A6C /* Debug */,
				CBE3A3A71D8EA76B000F3A6C /* Release */,
			);
			defaultConfigurationIsVisible = 0;
			defaultConfigurationName = Release;
		};
		CBE3A3A81D8EA76B000F3A6C /* Build configuration list for PBXNativeTarget "FQBarrageEffectTests" */ = {
			isa = XCConfigurationList;
			buildConfigurations = (
				CBE3A3A91D8EA76B000F3A6C /* Debug */,
				CBE3A3AA1D8EA76B000F3A6C /* Release */,
			);
			defaultConfigurationIsVisible = 0;
			defaultConfigurationName = Release;
		};
		CBE3A3AB1D8EA76B000F3A6C /* Build configuration list for PBXNativeTarget "FQBarrageEffectUITests" */ = {
			isa = XCConfigurationList;
			buildConfigurations = (
				CBE3A3AC1D8EA76B000F3A6C /* Debug */,
				CBE3A3AD1D8EA76B000F3A6C /* Release */,
			);
			defaultConfigurationIsVisible = 0;
			defaultConfigurationName = Release;
		};
/* End XCConfigurationList section */
	};
	rootObject = CBE3A3701D8EA76B000F3A6C /* Project object */;
}
